
Microsoft Visual Studio Solution File, Format Version 12.00
# Visual Studio Version 17
VisualStudioVersion = 17.8.34511.84
MinimumVisualStudioVersion = 10.0.40219.1
Project("{FAE04EC0-301F-11D3-BF4B-00C04F79EFBC}") = "CchavezConstuctorDemo", "CchavezConstuctorDemo\CchavezConstuctorDemo.csproj", "{3A9F16CE-61D7-48A6-A2D2-8C5874B4B6A6}"
EndProject
Global
	GlobalSection(SolutionConfigurationPlatforms) = preSolution
		Debug|Any CPU = Debug|Any CPU
		Release|Any CPU = Release|Any CPU
	EndGlobalSection
	GlobalSection(ProjectConfigurationPlatforms) = postSolution
		{3A9F16CE-61D7-48A6-A2D2-8C5874B4B6A6}.Debug|Any CPU.ActiveCfg = Debug|Any CPU
		{3A9F16CE-61D7-48A6-A2D2-8C5874B4B6A6}.Debug|Any CPU.Build.0 = Debug|Any CPU
		{3A9F16CE-61D7-48A6-A2D2-8C5874B4B6A6}.Release|Any CPU.ActiveCfg = Release|Any CPU
		{3A9F16CE-61D7-48A6-A2D2-8C5874B4B6A6}.Release|Any CPU.Build.0 = Release|Any CPU
	EndGlobalSection
	GlobalSection(SolutionProperties) = preSolution
		HideSolutionNode = FALSE
	EndGlobalSection
	GlobalSection(ExtensibilityGlobals) = postSolution
		SolutionGuid = {BAC5A44E-96E2-455C-8A7E-DACD92EDEFFC}
	EndGlobalSection
EndGlobal
